
Microsoft Visual Studio Solution File, Format Version 12.00
# Visual Studio Version 17
VisualStudioVersion = 17.7.34202.233
MinimumVisualStudioVersion = 10.0.40219.1
Project("{FAE04EC0-301F-11D3-BF4B-00C04F79EFBC}") = "PhotoViewPRO", "PhotoViewPRO\PhotoViewPRO.csproj", "{D03BA256-C213-43EF-8104-480FFF88577B}"
EndProject
Global
	GlobalSection(SolutionConfigurationPlatforms) = preSolution
		Debug|Any CPU = Debug|Any CPU
		Release|Any CPU = Release|Any CPU
	EndGlobalSection
	GlobalSection(ProjectConfigurationPlatforms) = postSolution
		{D03BA256-C213-43EF-8104-480FFF88577B}.Debug|Any CPU.ActiveCfg = Debug|Any CPU
		{D03BA256-C213-43EF-8104-480FFF88577B}.Debug|Any CPU.Build.0 = Debug|Any CPU
		{D03BA256-C213-43EF-8104-480FFF88577B}.Release|Any CPU.ActiveCfg = Release|Any CPU
		{D03BA256-C213-43EF-8104-480FFF88577B}.Release|Any CPU.Build.0 = Release|Any CPU
	EndGlobalSection
	GlobalSection(SolutionProperties) = preSolution
		HideSolutionNode = FALSE
	EndGlobalSection
	GlobalSection(ExtensibilityGlobals) = postSolution
		SolutionGuid = {8A82B2B2-D34C-4857-B50F-52B132539666}
	EndGlobalSection
EndGlobal
